github.com/glasgowartist/ga-hugo v0.0.0-20240904213452-8667cd9a4db2 h1:cRoWBBz98mQBm0nIPXUeb48yova+A59m+00qyygA3xg=
github.com/glasgowartist/ga-hugo v0.0.0-20240904213452-8667cd9a4db2/go.mod h1:oOE8bHPPpoWveh6R9tVJaTSiN5GXGd15K1SQIieRcOU=
github.com/glasgowartist/ga-hugo v0.0.0-20240905224946-d7cb944a6dfd h1:rSV2DTMJYLRUkutqDx2s+CZfNoxvlq74/Y2YBY/w+Yg=
github.com/glasgowartist/ga-hugo v0.0.0-20240905224946-d7cb944a6dfd/go.mod h1:oOE8bHPPpoWveh6R9tVJaTSiN5GXGd15K1SQIieRcOU=
